
Microsoft Visual Studio Solution File, Format Version 12.00
# Visual Studio 14
VisualStudioVersion = 14.0.23107.0
MinimumVisualStudioVersion = 10.0.40219.1
Project("{FAE04EC0-301F-11D3-BF4B-00C04F79EFBC}") = "sharedcode", "sharedcode\sharedcode.csproj", "{6A263018-05E0-470B-8A0D-29A00CFE37AA}"
EndProject
Project("{FAE04EC0-301F-11D3-BF4B-00C04F79EFBC}") = "tests", "tests\tests.csproj", "{C0CA632B-81BE-47A4-A541-7AAAFBB35937}"
EndProject
Global
	GlobalSection(SolutionConfigurationPlatforms) = preSolution
		Debug|Any CPU = Debug|Any CPU
		Release|Any CPU = Release|Any CPU
	EndGlobalSection
	GlobalSection(ProjectConfigurationPlatforms) = postSolution
		{6A263018-05E0-470B-8A0D-29A00CFE37AA}.Debug|Any CPU.ActiveCfg = Debug|Any CPU
		{6A263018-05E0-470B-8A0D-29A00CFE37AA}.Debug|Any CPU.Build.0 = Debug|Any CPU
		{6A263018-05E0-470B-8A0D-29A00CFE37AA}.Release|Any CPU.ActiveCfg = Release|Any CPU
		{6A263018-05E0-470B-8A0D-29A00CFE37AA}.Release|Any CPU.Build.0 = Release|Any CPU
		{C0CA632B-81BE-47A4-A541-7AAAFBB35937}.Debug|Any CPU.ActiveCfg = Debug|Any CPU
		{C0CA632B-81BE-47A4-A541-7AAAFBB35937}.Debug|Any CPU.Build.0 = Debug|Any CPU
		{C0CA632B-81BE-47A4-A541-7AAAFBB35937}.Release|Any CPU.ActiveCfg = Release|Any CPU
		{C0CA632B-81BE-47A4-A541-7AAAFBB35937}.Release|Any CPU.Build.0 = Release|Any CPU
	EndGlobalSection
	GlobalSection(SolutionProperties) = preSolution
		HideSolutionNode = FALSE
	EndGlobalSection
EndGlobal
